
Microsoft Visual Studio Solution File, Format Version 11.00
# Visual Studio 2010
Project("{FAE04EC0-301F-11D3-BF4B-00C04F79EFBC}") = "P6_4", "P6_4\P6_4.csproj", "{A8D76891-931D-49A3-AFCF-F33B5E49AB2E}"
EndProject
Global
	GlobalSection(SolutionConfigurationPlatforms) = preSolution
		Debug|x86 = Debug|x86
		Release|x86 = Release|x86
	EndGlobalSection
	GlobalSection(ProjectConfigurationPlatforms) = postSolution
		{A8D76891-931D-49A3-AFCF-F33B5E49AB2E}.Debug|x86.ActiveCfg = Debug|x86
		{A8D76891-931D-49A3-AFCF-F33B5E49AB2E}.Debug|x86.Build.0 = Debug|x86
		{A8D76891-931D-49A3-AFCF-F33B5E49AB2E}.Release|x86.ActiveCfg = Release|x86
		{A8D76891-931D-49A3-AFCF-F33B5E49AB2E}.Release|x86.Build.0 = Release|x86
	EndGlobalSection
	GlobalSection(SolutionProperties) = preSolution
		HideSolutionNode = FALSE
	EndGlobalSection
EndGlobal
