
Microsoft Visual Studio Solution File, Format Version 11.00
# Visual Studio 2010
Project("{FAE04EC0-301F-11D3-BF4B-00C04F79EFBC}") = "P17_3", "P17_3\P17_3.csproj", "{D80D93A3-9097-4800-87A5-EAA0B2E825F9}"
EndProject
Global
	GlobalSection(SolutionConfigurationPlatforms) = preSolution
		Debug|Any CPU = Debug|Any CPU
		Release|Any CPU = Release|Any CPU
	EndGlobalSection
	GlobalSection(ProjectConfigurationPlatforms) = postSolution
		{D80D93A3-9097-4800-87A5-EAA0B2E825F9}.Debug|Any CPU.ActiveCfg = Debug|Any CPU
		{D80D93A3-9097-4800-87A5-EAA0B2E825F9}.Debug|Any CPU.Build.0 = Debug|Any CPU
		{D80D93A3-9097-4800-87A5-EAA0B2E825F9}.Release|Any CPU.ActiveCfg = Release|Any CPU
		{D80D93A3-9097-4800-87A5-EAA0B2E825F9}.Release|Any CPU.Build.0 = Release|Any CPU
	EndGlobalSection
	GlobalSection(SolutionProperties) = preSolution
		HideSolutionNode = FALSE
	EndGlobalSection
EndGlobal
