
Microsoft Visual Studio Solution File, Format Version 11.00
# Visual Studio 2010
Project("{FAE04EC0-301F-11D3-BF4B-00C04F79EFBC}") = "P18_2", "P18_2\P18_2.csproj", "{94B1D361-6C09-496A-8F9E-40E6B682D0BC}"
EndProject
Global
	GlobalSection(SolutionConfigurationPlatforms) = preSolution
		Debug|x86 = Debug|x86
		Release|x86 = Release|x86
	EndGlobalSection
	GlobalSection(ProjectConfigurationPlatforms) = postSolution
		{94B1D361-6C09-496A-8F9E-40E6B682D0BC}.Debug|x86.ActiveCfg = Debug|x86
		{94B1D361-6C09-496A-8F9E-40E6B682D0BC}.Debug|x86.Build.0 = Debug|x86
		{94B1D361-6C09-496A-8F9E-40E6B682D0BC}.Release|x86.ActiveCfg = Release|x86
		{94B1D361-6C09-496A-8F9E-40E6B682D0BC}.Release|x86.Build.0 = Release|x86
	EndGlobalSection
	GlobalSection(SolutionProperties) = preSolution
		HideSolutionNode = FALSE
	EndGlobalSection
EndGlobal
