
Microsoft Visual Studio Solution File, Format Version 11.00
# Visual Studio 2010
Project("{FAE04EC0-301F-11D3-BF4B-00C04F79EFBC}") = "P15_5", "P15_5\P15_5.csproj", "{16413CC2-253A-4B10-9EBA-87D23006889B}"
EndProject
Global
	GlobalSection(SolutionConfigurationPlatforms) = preSolution
		Debug|x86 = Debug|x86
		Release|x86 = Release|x86
	EndGlobalSection
	GlobalSection(ProjectConfigurationPlatforms) = postSolution
		{16413CC2-253A-4B10-9EBA-87D23006889B}.Debug|x86.ActiveCfg = Debug|x86
		{16413CC2-253A-4B10-9EBA-87D23006889B}.Debug|x86.Build.0 = Debug|x86
		{16413CC2-253A-4B10-9EBA-87D23006889B}.Release|x86.ActiveCfg = Release|x86
		{16413CC2-253A-4B10-9EBA-87D23006889B}.Release|x86.Build.0 = Release|x86
	EndGlobalSection
	GlobalSection(SolutionProperties) = preSolution
		HideSolutionNode = FALSE
	EndGlobalSection
EndGlobal
